
Microsoft Visual Studio Solution File, Format Version 12.00
# Visual Studio Version 17
VisualStudioVersion = 17.12.35527.113 d17.12
MinimumVisualStudioVersion = 10.0.40219.1
Project("{FAE04EC0-301F-11D3-BF4B-00C04F79EFBC}") = "BISBAU_MAIRIF", "BISBAU_MAIRIF\BISBAU_MAIRIF.csproj", "{A3477CF8-4A82-45C7-86F8-356CDD9F86AF}"
EndProject
Project("{FAE04EC0-301F-11D3-BF4B-00C04F79EFBC}") = "ExtendedSerialPort", "..\..\ExtendedSerialPort .NET6\ExtendedSerialPort\ExtendedSerialPort\ExtendedSerialPort.csproj", "{0E7D3CE3-0D74-4AD2-A2E4-B8DC36AC58A2}"
EndProject
Global
	GlobalSection(SolutionConfigurationPlatforms) = preSolution
		Debug|Any CPU = Debug|Any CPU
		Release|Any CPU = Release|Any CPU
	EndGlobalSection
	GlobalSection(ProjectConfigurationPlatforms) = postSolution
		{A3477CF8-4A82-45C7-86F8-356CDD9F86AF}.Debug|Any CPU.ActiveCfg = Debug|Any CPU
		{A3477CF8-4A82-45C7-86F8-356CDD9F86AF}.Debug|Any CPU.Build.0 = Debug|Any CPU
		{A3477CF8-4A82-45C7-86F8-356CDD9F86AF}.Release|Any CPU.ActiveCfg = Release|Any CPU
		{A3477CF8-4A82-45C7-86F8-356CDD9F86AF}.Release|Any CPU.Build.0 = Release|Any CPU
		{0E7D3CE3-0D74-4AD2-A2E4-B8DC36AC58A2}.Debug|Any CPU.ActiveCfg = Debug|Any CPU
		{0E7D3CE3-0D74-4AD2-A2E4-B8DC36AC58A2}.Debug|Any CPU.Build.0 = Debug|Any CPU
		{0E7D3CE3-0D74-4AD2-A2E4-B8DC36AC58A2}.Release|Any CPU.ActiveCfg = Release|Any CPU
		{0E7D3CE3-0D74-4AD2-A2E4-B8DC36AC58A2}.Release|Any CPU.Build.0 = Release|Any CPU
	EndGlobalSection
	GlobalSection(SolutionProperties) = preSolution
		HideSolutionNode = FALSE
	EndGlobalSection
EndGlobal
